
Microsoft Visual Studio Solution File, Format Version 12.00
# Visual Studio Version 17
VisualStudioVersion = 17.8.34330.188
MinimumVisualStudioVersion = 10.0.40219.1
Project("{FAE04EC0-301F-11D3-BF4B-00C04F79EFBC}") = "day3_dbimplementation", "day3_dbimplementation.csproj", "{A9228861-25F5-4C9A-ABB1-DD1406D09AA5}"
EndProject
Global
	GlobalSection(SolutionConfigurationPlatforms) = preSolution
		Debug|Any CPU = Debug|Any CPU
		Release|Any CPU = Release|Any CPU
	EndGlobalSection
	GlobalSection(ProjectConfigurationPlatforms) = postSolution
		{A9228861-25F5-4C9A-ABB1-DD1406D09AA5}.Debug|Any CPU.ActiveCfg = Debug|Any CPU
		{A9228861-25F5-4C9A-ABB1-DD1406D09AA5}.Debug|Any CPU.Build.0 = Debug|Any CPU
		{A9228861-25F5-4C9A-ABB1-DD1406D09AA5}.Release|Any CPU.ActiveCfg = Release|Any CPU
		{A9228861-25F5-4C9A-ABB1-DD1406D09AA5}.Release|Any CPU.Build.0 = Release|Any CPU
	EndGlobalSection
	GlobalSection(SolutionProperties) = preSolution
		HideSolutionNode = FALSE
	EndGlobalSection
	GlobalSection(ExtensibilityGlobals) = postSolution
		SolutionGuid = {C45FC2FF-CCE2-43F0-8754-10AEAF866A53}
	EndGlobalSection
EndGlobal
